
Microsoft Visual Studio Solution File, Format Version 12.00
# Visual Studio Version 17
VisualStudioVersion = 17.4.33213.308
MinimumVisualStudioVersion = 10.0.40219.1
Project("{FAE04EC0-301F-11D3-BF4B-00C04F79EFBC}") = "serilog in .NET Core", "serilog\serilog in .NET Core.csproj", "{550C1731-F9E9-4824-BCC1-55F55F9008AA}"
EndProject
Global
	GlobalSection(SolutionConfigurationPlatforms) = preSolution
		Debug|Any CPU = Debug|Any CPU
		Release|Any CPU = Release|Any CPU
	EndGlobalSection
	GlobalSection(ProjectConfigurationPlatforms) = postSolution
		{550C1731-F9E9-4824-BCC1-55F55F9008AA}.Debug|Any CPU.ActiveCfg = Debug|Any CPU
		{550C1731-F9E9-4824-BCC1-55F55F9008AA}.Debug|Any CPU.Build.0 = Debug|Any CPU
		{550C1731-F9E9-4824-BCC1-55F55F9008AA}.Release|Any CPU.ActiveCfg = Release|Any CPU
		{550C1731-F9E9-4824-BCC1-55F55F9008AA}.Release|Any CPU.Build.0 = Release|Any CPU
	EndGlobalSection
	GlobalSection(SolutionProperties) = preSolution
		HideSolutionNode = FALSE
	EndGlobalSection
	GlobalSection(ExtensibilityGlobals) = postSolution
		SolutionGuid = {9F83FC7F-03CE-4EC7-9F29-C43F4A0CCB05}
	EndGlobalSection
EndGlobal
